
Microsoft Visual Studio Solution File, Format Version 12.00
# Visual Studio 2013
VisualStudioVersion = 12.0.31101.0
MinimumVisualStudioVersion = 10.0.40219.1
Project("{FAE04EC0-301F-11D3-BF4B-00C04F79EFBC}") = "GameRanking.WebU3D", "GameRanking.WebU3D4_5\GameRanking.WebU3D.csproj", "{7FF2B7AF-8EDF-4E1C-976F-CBE8AC00BEE9}"
EndProject
Project("{FAE04EC0-301F-11D3-BF4B-00C04F79EFBC}") = "GameRanking.Pack", "..\GameRanking.Pack\GameRanking.Pack\GameRanking.Pack.csproj", "{8E34DF75-E34A-48F1-AB77-36D5CB0F1E1C}"
EndProject
Project("{FAE04EC0-301F-11D3-BF4B-00C04F79EFBC}") = "ZyGames.Framework4.5", "..\..\GitHub\Scut\Source\Framework\ZyGames.Framework\ZyGames.Framework4.5.csproj", "{416E2E00-4064-4D7A-87A2-A649FF120274}"
EndProject
Project("{FAE04EC0-301F-11D3-BF4B-00C04F79EFBC}") = "ZyGames.Framework.Common4.5", "..\..\GitHub\Scut\Source\Framework\ZyGames.Framework.Common\ZyGames.Framework.Common4.5.csproj", "{E87A5049-85A1-436B-A5ED-2BC0A4E45BDB}"
EndProject
Project("{FAE04EC0-301F-11D3-BF4B-00C04F79EFBC}") = "ZyGames.Framework.Game4.5", "..\..\GitHub\Scut\Source\Middleware\ZyGames.Framework.Game\ZyGames.Framework.Game4.5.csproj", "{DE7024B7-7168-4262-A250-6A21B932EC3B}"
EndProject
Project("{FAE04EC0-301F-11D3-BF4B-00C04F79EFBC}") = "NSNSTools", "..\NSNSTools\NSNSTools.csproj", "{D659805B-2763-4B97-80C0-255E0E265B15}"
EndProject
Global
	GlobalSection(SolutionConfigurationPlatforms) = preSolution
		Debug|Any CPU = Debug|Any CPU
		Debug|Mixed Platforms = Debug|Mixed Platforms
		Debug|x86 = Debug|x86
		Release|Any CPU = Release|Any CPU
		Release|Mixed Platforms = Release|Mixed Platforms
		Release|x86 = Release|x86
		Release4.5|Any CPU = Release4.5|Any CPU
		Release4.5|Mixed Platforms = Release4.5|Mixed Platforms
		Release4.5|x86 = Release4.5|x86
	EndGlobalSection
	GlobalSection(ProjectConfigurationPlatforms) = postSolution
		{7FF2B7AF-8EDF-4E1C-976F-CBE8AC00BEE9}.Debug|Any CPU.ActiveCfg = Debug|Any CPU
		{7FF2B7AF-8EDF-4E1C-976F-CBE8AC00BEE9}.Debug|Any CPU.Build.0 = Debug|Any CPU
		{7FF2B7AF-8EDF-4E1C-976F-CBE8AC00BEE9}.Debug|Mixed Platforms.ActiveCfg = Debug|Any CPU
		{7FF2B7AF-8EDF-4E1C-976F-CBE8AC00BEE9}.Debug|Mixed Platforms.Build.0 = Debug|Any CPU
		{7FF2B7AF-8EDF-4E1C-976F-CBE8AC00BEE9}.Debug|x86.ActiveCfg = Debug|Any CPU
		{7FF2B7AF-8EDF-4E1C-976F-CBE8AC00BEE9}.Release|Any CPU.ActiveCfg = Release|Any CPU
		{7FF2B7AF-8EDF-4E1C-976F-CBE8AC00BEE9}.Release|Any CPU.Build.0 = Release|Any CPU
		{7FF2B7AF-8EDF-4E1C-976F-CBE8AC00BEE9}.Release|Mixed Platforms.ActiveCfg = Release|Any CPU
		{7FF2B7AF-8EDF-4E1C-976F-CBE8AC00BEE9}.Release|Mixed Platforms.Build.0 = Release|Any CPU
		{7FF2B7AF-8EDF-4E1C-976F-CBE8AC00BEE9}.Release|x86.ActiveCfg = Release|Any CPU
		{7FF2B7AF-8EDF-4E1C-976F-CBE8AC00BEE9}.Release4.5|Any CPU.ActiveCfg = Release|Any CPU
		{7FF2B7AF-8EDF-4E1C-976F-CBE8AC00BEE9}.Release4.5|Any CPU.Build.0 = Release|Any CPU
		{7FF2B7AF-8EDF-4E1C-976F-CBE8AC00BEE9}.Release4.5|Mixed Platforms.ActiveCfg = Release|Any CPU
		{7FF2B7AF-8EDF-4E1C-976F-CBE8AC00BEE9}.Release4.5|Mixed Platforms.Build.0 = Release|Any CPU
		{7FF2B7AF-8EDF-4E1C-976F-CBE8AC00BEE9}.Release4.5|x86.ActiveCfg = Release|Any CPU
		{8E34DF75-E34A-48F1-AB77-36D5CB0F1E1C}.Debug|Any CPU.ActiveCfg = Debug|Any CPU
		{8E34DF75-E34A-48F1-AB77-36D5CB0F1E1C}.Debug|Any CPU.Build.0 = Debug|Any CPU
		{8E34DF75-E34A-48F1-AB77-36D5CB0F1E1C}.Debug|Mixed Platforms.ActiveCfg = Debug|Any CPU
		{8E34DF75-E34A-48F1-AB77-36D5CB0F1E1C}.Debug|Mixed Platforms.Build.0 = Debug|Any CPU
		{8E34DF75-E34A-48F1-AB77-36D5CB0F1E1C}.Debug|x86.ActiveCfg = Debug|Any CPU
		{8E34DF75-E34A-48F1-AB77-36D5CB0F1E1C}.Release|Any CPU.ActiveCfg = Release|Any CPU
		{8E34DF75-E34A-48F1-AB77-36D5CB0F1E1C}.Release|Any CPU.Build.0 = Release|Any CPU
		{8E34DF75-E34A-48F1-AB77-36D5CB0F1E1C}.Release|Mixed Platforms.ActiveCfg = Release|Any CPU
		{8E34DF75-E34A-48F1-AB77-36D5CB0F1E1C}.Release|Mixed Platforms.Build.0 = Release|Any CPU
		{8E34DF75-E34A-48F1-AB77-36D5CB0F1E1C}.Release|x86.ActiveCfg = Release|Any CPU
		{8E34DF75-E34A-48F1-AB77-36D5CB0F1E1C}.Release4.5|Any CPU.ActiveCfg = Release|Any CPU
		{8E34DF75-E34A-48F1-AB77-36D5CB0F1E1C}.Release4.5|Any CPU.Build.0 = Release|Any CPU
		{8E34DF75-E34A-48F1-AB77-36D5CB0F1E1C}.Release4.5|Mixed Platforms.ActiveCfg = Release|Any CPU
		{8E34DF75-E34A-48F1-AB77-36D5CB0F1E1C}.Release4.5|Mixed Platforms.Build.0 = Release|Any CPU
		{8E34DF75-E34A-48F1-AB77-36D5CB0F1E1C}.Release4.5|x86.ActiveCfg = Release|Any CPU
		{416E2E00-4064-4D7A-87A2-A649FF120274}.Debug|Any CPU.ActiveCfg = Debug|Any CPU
		{416E2E00-4064-4D7A-87A2-A649FF120274}.Debug|Any CPU.Build.0 = Debug|Any CPU
		{416E2E00-4064-4D7A-87A2-A649FF120274}.Debug|Mixed Platforms.ActiveCfg = Debug|Any CPU
		{416E2E00-4064-4D7A-87A2-A649FF120274}.Debug|Mixed Platforms.Build.0 = Debug|Any CPU
		{416E2E00-4064-4D7A-87A2-A649FF120274}.Debug|x86.ActiveCfg = Debug|Any CPU
		{416E2E00-4064-4D7A-87A2-A649FF120274}.Release|Any CPU.ActiveCfg = Release|Any CPU
		{416E2E00-4064-4D7A-87A2-A649FF120274}.Release|Any CPU.Build.0 = Release|Any CPU
		{416E2E00-4064-4D7A-87A2-A649FF120274}.Release|Mixed Platforms.ActiveCfg = Release|Any CPU
		{416E2E00-4064-4D7A-87A2-A649FF120274}.Release|Mixed Platforms.Build.0 = Release|Any CPU
		{416E2E00-4064-4D7A-87A2-A649FF120274}.Release|x86.ActiveCfg = Release|Any CPU
		{416E2E00-4064-4D7A-87A2-A649FF120274}.Release4.5|Any CPU.ActiveCfg = Release4.5|Any CPU
		{416E2E00-4064-4D7A-87A2-A649FF120274}.Release4.5|Any CPU.Build.0 = Release4.5|Any CPU
		{416E2E00-4064-4D7A-87A2-A649FF120274}.Release4.5|Mixed Platforms.ActiveCfg = Release4.5|Any CPU
		{416E2E00-4064-4D7A-87A2-A649FF120274}.Release4.5|Mixed Platforms.Build.0 = Release4.5|Any CPU
		{416E2E00-4064-4D7A-87A2-A649FF120274}.Release4.5|x86.ActiveCfg = Release4.5|Any CPU
		{E87A5049-85A1-436B-A5ED-2BC0A4E45BDB}.Debug|Any CPU.ActiveCfg = Debug|Any CPU
		{E87A5049-85A1-436B-A5ED-2BC0A4E45BDB}.Debug|Any CPU.Build.0 = Debug|Any CPU
		{E87A5049-85A1-436B-A5ED-2BC0A4E45BDB}.Debug|Mixed Platforms.ActiveCfg = Debug|Any CPU
		{E87A5049-85A1-436B-A5ED-2BC0A4E45BDB}.Debug|Mixed Platforms.Build.0 = Debug|Any CPU
		{E87A5049-85A1-436B-A5ED-2BC0A4E45BDB}.Debug|x86.ActiveCfg = Debug|Any CPU
		{E87A5049-85A1-436B-A5ED-2BC0A4E45BDB}.Release|Any CPU.ActiveCfg = Release|Any CPU
		{E87A5049-85A1-436B-A5ED-2BC0A4E45BDB}.Release|Any CPU.Build.0 = Release|Any CPU
		{E87A5049-85A1-436B-A5ED-2BC0A4E45BDB}.Release|Mixed Platforms.ActiveCfg = Release|Any CPU
		{E87A5049-85A1-436B-A5ED-2BC0A4E45BDB}.Release|Mixed Platforms.Build.0 = Release|Any CPU
		{E87A5049-85A1-436B-A5ED-2BC0A4E45BDB}.Release|x86.ActiveCfg = Release|Any CPU
		{E87A5049-85A1-436B-A5ED-2BC0A4E45BDB}.Release4.5|Any CPU.ActiveCfg = Release4.5|Any CPU
		{E87A5049-85A1-436B-A5ED-2BC0A4E45BDB}.Release4.5|Any CPU.Build.0 = Release4.5|Any CPU
		{E87A5049-85A1-436B-A5ED-2BC0A4E45BDB}.Release4.5|Mixed Platforms.ActiveCfg = Release4.5|Any CPU
		{E87A5049-85A1-436B-A5ED-2BC0A4E45BDB}.Release4.5|Mixed Platforms.Build.0 = Release4.5|Any CPU
		{E87A5049-85A1-436B-A5ED-2BC0A4E45BDB}.Release4.5|x86.ActiveCfg = Release4.5|Any CPU
		{DE7024B7-7168-4262-A250-6A21B932EC3B}.Debug|Any CPU.ActiveCfg = Debug|Any CPU
		{DE7024B7-7168-4262-A250-6A21B932EC3B}.Debug|Any CPU.Build.0 = Debug|Any CPU
		{DE7024B7-7168-4262-A250-6A21B932EC3B}.Debug|Mixed Platforms.ActiveCfg = Debug|Any CPU
		{DE7024B7-7168-4262-A250-6A21B932EC3B}.Debug|Mixed Platforms.Build.0 = Debug|Any CPU
		{DE7024B7-7168-4262-A250-6A21B932EC3B}.Debug|x86.ActiveCfg = Debug|Any CPU
		{DE7024B7-7168-4262-A250-6A21B932EC3B}.Release|Any CPU.ActiveCfg = Release|Any CPU
		{DE7024B7-7168-4262-A250-6A21B932EC3B}.Release|Any CPU.Build.0 = Release|Any CPU
		{DE7024B7-7168-4262-A250-6A21B932EC3B}.Release|Mixed Platforms.ActiveCfg = Release|Any CPU
		{DE7024B7-7168-4262-A250-6A21B932EC3B}.Release|Mixed Platforms.Build.0 = Release|Any CPU
		{DE7024B7-7168-4262-A250-6A21B932EC3B}.Release|x86.ActiveCfg = Release|Any CPU
		{DE7024B7-7168-4262-A250-6A21B932EC3B}.Release4.5|Any CPU.ActiveCfg = Release|Any CPU
		{DE7024B7-7168-4262-A250-6A21B932EC3B}.Release4.5|Any CPU.Build.0 = Release|Any CPU
		{DE7024B7-7168-4262-A250-6A21B932EC3B}.Release4.5|Mixed Platforms.ActiveCfg = Release|Any CPU
		{DE7024B7-7168-4262-A250-6A21B932EC3B}.Release4.5|Mixed Platforms.Build.0 = Release|Any CPU
		{DE7024B7-7168-4262-A250-6A21B932EC3B}.Release4.5|x86.ActiveCfg = Release|Any CPU
		{D659805B-2763-4B97-80C0-255E0E265B15}.Debug|Any CPU.ActiveCfg = Debug|Any CPU
		{D659805B-2763-4B97-80C0-255E0E265B15}.Debug|Any CPU.Build.0 = Debug|Any CPU
		{D659805B-2763-4B97-80C0-255E0E265B15}.Debug|Mixed Platforms.ActiveCfg = Debug|Any CPU
		{D659805B-2763-4B97-80C0-255E0E265B15}.Debug|Mixed Platforms.Build.0 = Debug|Any CPU
		{D659805B-2763-4B97-80C0-255E0E265B15}.Debug|x86.ActiveCfg = Debug|Any CPU
		{D659805B-2763-4B97-80C0-255E0E265B15}.Release|Any CPU.ActiveCfg = Release|Any CPU
		{D659805B-2763-4B97-80C0-255E0E265B15}.Release|Any CPU.Build.0 = Release|Any CPU
		{D659805B-2763-4B97-80C0-255E0E265B15}.Release|Mixed Platforms.ActiveCfg = Release|Any CPU
		{D659805B-2763-4B97-80C0-255E0E265B15}.Release|Mixed Platforms.Build.0 = Release|Any CPU
		{D659805B-2763-4B97-80C0-255E0E265B15}.Release|x86.ActiveCfg = Release|Any CPU
		{D659805B-2763-4B97-80C0-255E0E265B15}.Release4.5|Any CPU.ActiveCfg = Release|Any CPU
		{D659805B-2763-4B97-80C0-255E0E265B15}.Release4.5|Any CPU.Build.0 = Release|Any CPU
		{D659805B-2763-4B97-80C0-255E0E265B15}.Release4.5|Mixed Platforms.ActiveCfg = Release|Any CPU
		{D659805B-2763-4B97-80C0-255E0E265B15}.Release4.5|Mixed Platforms.Build.0 = Release|Any CPU
		{D659805B-2763-4B97-80C0-255E0E265B15}.Release4.5|x86.ActiveCfg = Release|Any CPU
	EndGlobalSection
	GlobalSection(SolutionProperties) = preSolution
		HideSolutionNode = FALSE
	EndGlobalSection
EndGlobal
